
Microsoft Visual Studio Solution File, Format Version 12.00
# Visual Studio Version 16
VisualStudioVersion = 16.0.31005.135
MinimumVisualStudioVersion = 10.0.40219.1
Project("{9A19103F-16F7-4668-BE54-9A1E7A4F7556}") = "Entities", "Entities\Entities.csproj", "{566C5F57-5B3A-4AAE-B0A0-448F8E92C1E1}"
EndProject
Project("{9A19103F-16F7-4668-BE54-9A1E7A4F7556}") = "Core", "Core\Core.csproj", "{F6B3AB52-0C9E-494F-ACEF-703CFC052566}"
EndProject
Project("{9A19103F-16F7-4668-BE54-9A1E7A4F7556}") = "DataAccess", "DataAccess\DataAccess.csproj", "{9BD056C7-964E-4902-A5E6-38720D6C60A5}"
EndProject
Project("{9A19103F-16F7-4668-BE54-9A1E7A4F7556}") = "Business", "Business\Business.csproj", "{CA4D2CA2-30CE-4056-9F30-A18B171420FD}"
EndProject
Project("{FAE04EC0-301F-11D3-BF4B-00C04F79EFBC}") = "WebAPI", "WebAPI\WebAPI.csproj", "{1D19AB8D-51D1-459C-BAA1-B50382622214}"
EndProject
Global
	GlobalSection(SolutionConfigurationPlatforms) = preSolution
		Debug|Any CPU = Debug|Any CPU
		Release|Any CPU = Release|Any CPU
	EndGlobalSection
	GlobalSection(ProjectConfigurationPlatforms) = postSolution
		{566C5F57-5B3A-4AAE-B0A0-448F8E92C1E1}.Debug|Any CPU.ActiveCfg = Debug|Any CPU
		{566C5F57-5B3A-4AAE-B0A0-448F8E92C1E1}.Debug|Any CPU.Build.0 = Debug|Any CPU
		{566C5F57-5B3A-4AAE-B0A0-448F8E92C1E1}.Release|Any CPU.ActiveCfg = Release|Any CPU
		{566C5F57-5B3A-4AAE-B0A0-448F8E92C1E1}.Release|Any CPU.Build.0 = Release|Any CPU
		{F6B3AB52-0C9E-494F-ACEF-703CFC052566}.Debug|Any CPU.ActiveCfg = Debug|Any CPU
		{F6B3AB52-0C9E-494F-ACEF-703CFC052566}.Debug|Any CPU.Build.0 = Debug|Any CPU
		{F6B3AB52-0C9E-494F-ACEF-703CFC052566}.Release|Any CPU.ActiveCfg = Release|Any CPU
		{F6B3AB52-0C9E-494F-ACEF-703CFC052566}.Release|Any CPU.Build.0 = Release|Any CPU
		{9BD056C7-964E-4902-A5E6-38720D6C60A5}.Debug|Any CPU.ActiveCfg = Debug|Any CPU
		{9BD056C7-964E-4902-A5E6-38720D6C60A5}.Debug|Any CPU.Build.0 = Debug|Any CPU
		{9BD056C7-964E-4902-A5E6-38720D6C60A5}.Release|Any CPU.ActiveCfg = Release|Any CPU
		{9BD056C7-964E-4902-A5E6-38720D6C60A5}.Release|Any CPU.Build.0 = Release|Any CPU
		{CA4D2CA2-30CE-4056-9F30-A18B171420FD}.Debug|Any CPU.ActiveCfg = Debug|Any CPU
		{CA4D2CA2-30CE-4056-9F30-A18B171420FD}.Debug|Any CPU.Build.0 = Debug|Any CPU
		{CA4D2CA2-30CE-4056-9F30-A18B171420FD}.Release|Any CPU.ActiveCfg = Release|Any CPU
		{CA4D2CA2-30CE-4056-9F30-A18B171420FD}.Release|Any CPU.Build.0 = Release|Any CPU
		{1D19AB8D-51D1-459C-BAA1-B50382622214}.Debug|Any CPU.ActiveCfg = Debug|Any CPU
		{1D19AB8D-51D1-459C-BAA1-B50382622214}.Debug|Any CPU.Build.0 = Debug|Any CPU
		{1D19AB8D-51D1-459C-BAA1-B50382622214}.Release|Any CPU.ActiveCfg = Release|Any CPU
		{1D19AB8D-51D1-459C-BAA1-B50382622214}.Release|Any CPU.Build.0 = Release|Any CPU
	EndGlobalSection
	GlobalSection(SolutionProperties) = preSolution
		HideSolutionNode = FALSE
	EndGlobalSection
	GlobalSection(ExtensibilityGlobals) = postSolution
		SolutionGuid = {46200EBE-F996-437C-90CB-4F7CB8DB4859}
	EndGlobalSection
EndGlobal
